
Microsoft Visual Studio Solution File, Format Version 12.00
# Visual Studio Version 16
VisualStudioVersion = 16.0.29215.179
MinimumVisualStudioVersion = 10.0.40219.1
Project("{FAE04EC0-301F-11D3-BF4B-00C04F79EFBC}") = "blablbala321", "blablbala321\blablbala321.csproj", "{D956750F-A74D-4649-BB4F-B2D99A53AF17}"
EndProject
Global
	GlobalSection(SolutionConfigurationPlatforms) = preSolution
		Debug|Any CPU = Debug|Any CPU
		Release|Any CPU = Release|Any CPU
	EndGlobalSection
	GlobalSection(ProjectConfigurationPlatforms) = postSolution
		{D956750F-A74D-4649-BB4F-B2D99A53AF17}.Debug|Any CPU.ActiveCfg = Debug|Any CPU
		{D956750F-A74D-4649-BB4F-B2D99A53AF17}.Debug|Any CPU.Build.0 = Debug|Any CPU
		{D956750F-A74D-4649-BB4F-B2D99A53AF17}.Release|Any CPU.ActiveCfg = Release|Any CPU
		{D956750F-A74D-4649-BB4F-B2D99A53AF17}.Release|Any CPU.Build.0 = Release|Any CPU
	EndGlobalSection
	GlobalSection(SolutionProperties) = preSolution
		HideSolutionNode = FALSE
	EndGlobalSection
	GlobalSection(ExtensibilityGlobals) = postSolution
		SolutionGuid = {BF9556FF-3F50-48D6-8CD3-A31FDA2DD163}
	EndGlobalSection
EndGlobal
